
Microsoft Visual Studio Solution File, Format Version 12.00
# Visual Studio Version 16
VisualStudioVersion = 25.0.1704.3
MinimumVisualStudioVersion = 10.0.40219.1
Project("{FAE04EC0-301F-11D3-BF4B-00C04F79EFBC}") = "TestCase.WebApi", "TestCase.WebApi\TestCase.WebApi.csproj", "{2BF4D5B1-DCDE-4B52-BC53-9BAE68D9C53E}"
EndProject
Project("{FAE04EC0-301F-11D3-BF4B-00C04F79EFBC}") = "TestCase.Business", "TestCase.Business\TestCase.Business.csproj", "{C4FC9BB2-1C6B-43E7-BB9B-5F30789D2DD6}"
EndProject
Project("{FAE04EC0-301F-11D3-BF4B-00C04F79EFBC}") = "TestCase.DataAccess", "TestCase.DataAccess\TestCase.DataAccess.csproj", "{3934C0DF-2BF6-412E-A1BD-285147262824}"
EndProject
Project("{FAE04EC0-301F-11D3-BF4B-00C04F79EFBC}") = "TestCase.Core", "TestCase.Core\TestCase.Core.csproj", "{275D5010-DC9F-485B-BF15-044803938E78}"
EndProject
Project("{FAE04EC0-301F-11D3-BF4B-00C04F79EFBC}") = "TestCase.Entities", "TestCase.Entities\TestCase.Entities.csproj", "{1296E6A9-14F4-431D-AE68-F1B3C71974D9}"
EndProject
Global
	GlobalSection(SolutionConfigurationPlatforms) = preSolution
		Debug|Any CPU = Debug|Any CPU
		Release|Any CPU = Release|Any CPU
	EndGlobalSection
	GlobalSection(ProjectConfigurationPlatforms) = postSolution
		{2BF4D5B1-DCDE-4B52-BC53-9BAE68D9C53E}.Debug|Any CPU.ActiveCfg = Debug|Any CPU
		{2BF4D5B1-DCDE-4B52-BC53-9BAE68D9C53E}.Debug|Any CPU.Build.0 = Debug|Any CPU
		{2BF4D5B1-DCDE-4B52-BC53-9BAE68D9C53E}.Release|Any CPU.ActiveCfg = Release|Any CPU
		{2BF4D5B1-DCDE-4B52-BC53-9BAE68D9C53E}.Release|Any CPU.Build.0 = Release|Any CPU
		{C4FC9BB2-1C6B-43E7-BB9B-5F30789D2DD6}.Debug|Any CPU.ActiveCfg = Debug|Any CPU
		{C4FC9BB2-1C6B-43E7-BB9B-5F30789D2DD6}.Debug|Any CPU.Build.0 = Debug|Any CPU
		{C4FC9BB2-1C6B-43E7-BB9B-5F30789D2DD6}.Release|Any CPU.ActiveCfg = Release|Any CPU
		{C4FC9BB2-1C6B-43E7-BB9B-5F30789D2DD6}.Release|Any CPU.Build.0 = Release|Any CPU
		{3934C0DF-2BF6-412E-A1BD-285147262824}.Debug|Any CPU.ActiveCfg = Debug|Any CPU
		{3934C0DF-2BF6-412E-A1BD-285147262824}.Debug|Any CPU.Build.0 = Debug|Any CPU
		{3934C0DF-2BF6-412E-A1BD-285147262824}.Release|Any CPU.ActiveCfg = Release|Any CPU
		{3934C0DF-2BF6-412E-A1BD-285147262824}.Release|Any CPU.Build.0 = Release|Any CPU
		{275D5010-DC9F-485B-BF15-044803938E78}.Debug|Any CPU.ActiveCfg = Debug|Any CPU
		{275D5010-DC9F-485B-BF15-044803938E78}.Debug|Any CPU.Build.0 = Debug|Any CPU
		{275D5010-DC9F-485B-BF15-044803938E78}.Release|Any CPU.ActiveCfg = Release|Any CPU
		{275D5010-DC9F-485B-BF15-044803938E78}.Release|Any CPU.Build.0 = Release|Any CPU
		{1296E6A9-14F4-431D-AE68-F1B3C71974D9}.Debug|Any CPU.ActiveCfg = Debug|Any CPU
		{1296E6A9-14F4-431D-AE68-F1B3C71974D9}.Debug|Any CPU.Build.0 = Debug|Any CPU
		{1296E6A9-14F4-431D-AE68-F1B3C71974D9}.Release|Any CPU.ActiveCfg = Release|Any CPU
		{1296E6A9-14F4-431D-AE68-F1B3C71974D9}.Release|Any CPU.Build.0 = Release|Any CPU
	EndGlobalSection
	GlobalSection(SolutionProperties) = preSolution
		HideSolutionNode = FALSE
	EndGlobalSection
	GlobalSection(ExtensibilityGlobals) = postSolution
		SolutionGuid = {2845AB60-18E8-44C0-8B1E-07D47109C190}
	EndGlobalSection
EndGlobal
